
Microsoft Visual Studio Solution File, Format Version 12.00
# Visual Studio Version 16
VisualStudioVersion = 16.0.32106.194
MinimumVisualStudioVersion = 10.0.40219.1
Project("{FAE04EC0-301F-11D3-BF4B-00C04F79EFBC}") = "Galaxy.Product.Contracts", "Galaxy.Product.Contracts\Galaxy.Product.Contracts.csproj", "{2FD92EED-6A11-4F96-92E4-DCDC54D4225C}"
EndProject
Global
	GlobalSection(SolutionConfigurationPlatforms) = preSolution
		Debug|Any CPU = Debug|Any CPU
		Release|Any CPU = Release|Any CPU
	EndGlobalSection
	GlobalSection(ProjectConfigurationPlatforms) = postSolution
		{2FD92EED-6A11-4F96-92E4-DCDC54D4225C}.Debug|Any CPU.ActiveCfg = Debug|Any CPU
		{2FD92EED-6A11-4F96-92E4-DCDC54D4225C}.Debug|Any CPU.Build.0 = Debug|Any CPU
		{2FD92EED-6A11-4F96-92E4-DCDC54D4225C}.Release|Any CPU.ActiveCfg = Release|Any CPU
		{2FD92EED-6A11-4F96-92E4-DCDC54D4225C}.Release|Any CPU.Build.0 = Release|Any CPU
	EndGlobalSection
	GlobalSection(SolutionProperties) = preSolution
		HideSolutionNode = FALSE
	EndGlobalSection
	GlobalSection(ExtensibilityGlobals) = postSolution
		SolutionGuid = {2F6C0FB2-2E98-4E01-A0FF-648185F7B4D4}
	EndGlobalSection
EndGlobal
